// !$*UTF8*$!
{
	archiveVersion = 1;
	classes = {
	};
	objectVersion = 48;
	objects = {

/* Begin PBXAggregateTarget section */
		6785F4461F7F3594000CFE79 /* buildStaticLibrary */ = {
			isa = PBXAggregateTarget;
			buildConfigurationList = 6785F4471F7F3594000CFE79 /* Build configuration list for PBXAggregateTarget "buildStaticLibrary" */;
			buildPhases = (
				6785F44A1F7F3599000CFE79 /* ShellScript */,
			);
			dependencies = (
			);
			name = buildStaticLibrary;
			productName = buildStaticLibrary;
		};
/* End PBXAggregateTarget section */

/* Begin PBXBuildFile section */
		6785F4421F7F3251000CFE79 /* SLSimpleModel.m in Sources */ = {isa = PBXBuildFile; fileRef = 6785F4411F7F3251000CFE79 /* SLSimpleModel.m */; };
		6785F44E1F7F4296000CFE79 /* StaticLibrary.h in CopyFiles */ = {isa = PBXBuildFile; fileRef = 6785F4431F7F327E000CFE79 /* StaticLibrary.h */; };
		6785F44F1F7F429C000CFE79 /* SLSimpleModel.h in CopyFiles */ = {isa = PBXBuildFile; fileRef = 6785F4401F7F3251000CFE79 /* SLSimpleModel.h */; };
		6785F4EE1F7FA0C4000CFE79 /* NSString+SL.m in Sources */ = {isa = PBXBuildFile; fileRef = 6785F4ED1F7FA0C4000CFE79 /* NSString+SL.m */; };
/* End PBXBuildFile section */

/* Begin PBXCopyFilesBuildPhase section */
		6785F4321F7F320E000CFE79 /* CopyFiles */ = {
			isa = PBXCopyFilesBuildPhase;
			buildActionMask = 2147483647;
			dstPath = "include/$(PRODUCT_NAME)";
			dstSubfolderSpec = 16;
			files = (
				6785F44F1F7F429C000CFE79 /* SLSimpleModel.h in CopyFiles */,
				6785F44E1F7F4296000CFE79 /* StaticLibrary.h in CopyFiles */,
			);
			runOnlyForDeploymentPostprocessing = 0;
		};
/* End PBXCopyFilesBuildPhase section */

/* Begin PBXFileReference section */
		6785F4341F7F320E000CFE79 /* libStaticLibrary.a */ = {isa = PBXFileReference; explicitFileType = archive.ar; includeInIndex = 0; path = libStaticLibrary.a; sourceTree = BUILT_PRODUCTS_DIR; };
		6785F4401F7F3251000CFE79 /* SLSimpleModel.h */ = {isa = PBXFileReference; lastKnownFileType = sourcecode.c.h; path = SLSimpleModel.h; sourceTree = "<group>"; };
		6785F4411F7F3251000CFE79 /* SLSimpleModel.m */ = {isa = PBXFileReference; lastKnownFileType = sourcecode.c.objc; path = SLSimpleModel.m; sourceTree = "<group>"; };
		6785F4431F7F327E000CFE79 /* StaticLibrary.h */ = {isa = PBXFileReference; lastKnownFileType = sourcecode.c.h; path = StaticLibrary.h; sourceTree = "<group>"; };
		6785F44C1F7F3629000CFE79 /* PackScript.sh */ = {isa = PBXFileReference; lastKnownFileType = text.script.sh; path = PackScript.sh; sourceTree = "<group>"; };
		6785F4EC1F7FA0C4000CFE79 /* NSString+SL.h */ = {isa = PBXFileReference; lastKnownFileType = sourcecode.c.h; path = "NSString+SL.h"; sourceTree = "<group>"; };
		6785F4ED1F7FA0C4000CFE79 /* NSString+SL.m */ = {isa = PBXFileReference; lastKnownFileType = sourcecode.c.objc; path = "NSString+SL.m"; sourceTree = "<group>"; };
/* End PBXFileReference section */

/* Begin PBXFrameworksBuildPhase section */
		6785F4311F7F320E000CFE79 /* Frameworks */ = {
			isa = PBXFrameworksBuildPhase;
			buildActionMask = 2147483647;
			files = (
			);
			runOnlyForDeploymentPostprocessing = 0;
		};
/* End PBXFrameworksBuildPhase section */

/* Begin PBXGroup section */
		6785F42B1F7F320E000CFE79 = {
			isa = PBXGroup;
			children = (
				6785F4361F7F320E000CFE79 /* StaticLibrary */,
				6785F4351F7F320E000CFE79 /* Products */,
			);
			sourceTree = "<group>";
		};
		6785F4351F7F320E000CFE79 /* Products */ = {
			isa = PBXGroup;
			children = (
				6785F4341F7F320E000CFE79 /* libStaticLibrary.a */,
			);
			name = Products;
			sourceTree = "<group>";
		};
		6785F4361F7F320E000CFE79 /* StaticLibrary */ = {
			isa = PBXGroup;
			children = (
				6785F44C1F7F3629000CFE79 /* PackScript.sh */,
				6785F4431F7F327E000CFE79 /* StaticLibrary.h */,
				6785F4401F7F3251000CFE79 /* SLSimpleModel.h */,
				6785F4411F7F3251000CFE79 /* SLSimpleModel.m */,
				6785F4EC1F7FA0C4000CFE79 /* NSString+SL.h */,
				6785F4ED1F7FA0C4000CFE79 /* NSString+SL.m */,
			);
			path = StaticLibrary;
			sourceTree = "<group>";
		};
/* End PBXGroup section */

/* Begin PBXNativeTarget section */
		6785F4331F7F320E000CFE79 /* StaticLibrary */ = {
			isa = PBXNativeTarget;
			buildConfigurationList = 6785F43D1F7F320E000CFE79 /* Build configuration list for PBXNativeTarget "StaticLibrary" */;
			buildPhases = (
				6785F4301F7F320E000CFE79 /* Sources */,
				6785F4311F7F320E000CFE79 /* Frameworks */,
				6785F4321F7F320E000CFE79 /* CopyFiles */,
			);
			buildRules = (
			);
			dependencies = (
			);
			name = StaticLibrary;
			productName = StaticLibrary;
			productReference = 6785F4341F7F320E000CFE79 /* libStaticLibrary.a */;
			productType = "com.apple.product-type.library.static";
		};
/* End PBXNativeTarget section */

/* Begin PBXProject section */
		6785F42C1F7F320E000CFE79 /* Project object */ = {
			isa = PBXProject;
			attributes = {
				LastUpgradeCheck = 0900;
				ORGANIZATIONNAME = krisyuhao;
				TargetAttributes = {
					6785F4331F7F320E000CFE79 = {
						CreatedOnToolsVersion = 9.0;
						ProvisioningStyle = Automatic;
					};
					6785F4461F7F3594000CFE79 = {
						CreatedOnToolsVersion = 9.0;
						ProvisioningStyle = Automatic;
					};
				};
			};
			buildConfigurationList = 6785F42F1F7F320E000CFE79 /* Build configuration list for PBXProject "StaticLibrary" */;
			compatibilityVersion = "Xcode 8.0";
			developmentRegion = en;
			hasScannedForEncodings = 0;
			knownRegions = (
				en,
			);
			mainGroup = 6785F42B1F7F320E000CFE79;
			productRefGroup = 6785F4351F7F320E000CFE79 /* Products */;
			projectDirPath = "";
			projectRoot = "";
			targets = (
				6785F4331F7F320E000CFE79 /* StaticLibrary */,
				6785F4461F7F3594000CFE79 /* buildStaticLibrary */,
			);
		};
/* End PBXProject section */

/* Begin PBXShellScriptBuildPhase section */
		6785F44A1F7F3599000CFE79 /* ShellScript */ = {
			isa = PBXShellScriptBuildPhase;
			buildActionMask = 2147483647;
			files = (
			);
			inputPaths = (
			);
			outputPaths = (
			);
			runOnlyForDeploymentPostprocessing = 0;
			shellPath = /bin/sh;
			shellScript = ./StaticLibrary/PackScript.sh;
		};
/* End PBXShellScriptBuildPhase section */

/* Begin PBXSourcesBuildPhase section */
		6785F4301F7F320E000CFE79 /* Sources */ = {
			isa = PBXSourcesBuildPhase;
			buildActionMask = 2147483647;
			files = (
				6785F4EE1F7FA0C4000CFE79 /* NSString+SL.m in Sources */,
				6785F4421F7F3251000CFE79 /* SLSimpleModel.m in Sources */,
			);
			runOnlyForDeploymentPostprocessing = 0;
		};
/* End PBXSourcesBuildPhase section */

/* Begin XCBuildConfiguration section */
		6785F43B1F7F320E000CFE79 /* Debug */ = {
			isa = XCBuildConfiguration;
			buildSettings = {
				ALWAYS_SEARCH_USER_PATHS = NO;
				CLANG_ANALYZER_NONNULL = YES;
				CLANG_ANALYZER_NUMBER_OBJECT_CONVERSION = YES_AGGRESSIVE;
				CLANG_CXX_LANGUAGE_STANDARD = "gnu++14";
				CLANG_CXX_LIBRARY = "libc++";
				CLANG_ENABLE_MODULES = YES;
				CLANG_ENABLE_OBJC_ARC = YES;
				CLANG_WARN_BLOCK_CAPTURE_AUTORELEASING = YES;
				CLANG_WARN_BOOL_CONVERSION = YES;
				CLANG_WARN_COMMA = YES;
				CLANG_WARN_CONSTANT_CONVERSION = YES;
				CLANG_WARN_DIRECT_OBJC_ISA_USAGE = YES_ERROR;
				CLANG_WARN_DOCUMENTATION_COMMENTS = YES;
				CLANG_WARN_EMPTY_BODY = YES;
				CLANG_WARN_ENUM_CONVERSION = YES;
				CLANG_WARN_INFINITE_RECURSION = YES;
				CLANG_WARN_INT_CONVERSION = YES;
				CLANG_WARN_NON_LITERAL_NULL_CONVERSION = YES;
				CLANG_WARN_OBJC_LITERAL_CONVERSION = YES;
				CLANG_WARN_OBJC_ROOT_CLASS = YES_ERROR;
				CLANG_WARN_RANGE_LOOP_ANALYSIS = YES;
				CLANG_WARN_STRICT_PROTOTYPES = YES;
				CLANG_WARN_SUSPICIOUS_MOVE = YES;
				CLANG_WARN_UNGUARDED_AVAILABILITY = YES_AGGRESSIVE;
				CLANG_WARN_UNREACHABLE_CODE = YES;
				CLANG_WARN__DUPLICATE_METHOD_MATCH = YES;
				CODE_SIGN_IDENTITY = "iPhone Developer";
				COPY_PHASE_STRIP = NO;
				DEBUG_INFORMATION_FORMAT = dwarf;
				ENABLE_STRICT_OBJC_MSGSEND = YES;
				ENABLE_TESTABILITY = YES;
				GCC_C_LANGUAGE_STANDARD = gnu11;
				GCC_DYNAMIC_NO_PIC = NO;
				GCC_NO_COMMON_BLOCKS = YES;
				GCC_OPTIMIZATION_LEVEL = 0;
				GCC_PREPROCESSOR_DEFINITIONS = (
					"DEBUG=1",
					"$(inherited)",
				);
				GCC_WARN_64_TO_32_BIT_CONVERSION = YES;
				GCC_WARN_ABOUT_RETURN_TYPE = YES_ERROR;
				GCC_WARN_UNDECLARED_SELECTOR = YES;
				GCC_WARN_UNINITIALIZED_AUTOS = YES_AGGRESSIVE;
				GCC_WARN_UNUSED_FUNCTION = YES;
				GCC_WARN_UNUSED_VARIABLE = YES;
				IPHONEOS_DEPLOYMENT_TARGET = 11.0;
				MTL_ENABLE_DEBUG_INFO = YES;
				ONLY_ACTIVE_ARCH = YES;
				SDKROOT = iphoneos;
			};
			name = Debug;
		};
		6785F43C1F7F320E000CFE79 /* Release */ = {
			isa = XCBuildConfiguration;
			buildSettings = {
				ALWAYS_SEARCH_USER_PATHS = NO;
				CLANG_ANALYZER_NONNULL = YES;
				CLANG_ANALYZER_NUMBER_OBJECT_CONVERSION = YES_AGGRESSIVE;
				CLANG_CXX_LANGUAGE_STANDARD = "gnu++14";
				CLANG_CXX_LIBRARY = "libc++";
				CLANG_ENABLE_MODULES = YES;
				CLANG_ENABLE_OBJC_ARC = YES;
				CLANG_WARN_BLOCK_CAPTURE_AUTORELEASING = YES;
				CLANG_WARN_BOOL_CONVERSION = YES;
				CLANG_WARN_COMMA = YES;
				CLANG_WARN_CONSTANT_CONVERSION = YES;
				CLANG_WARN_DIRECT_OBJC_ISA_USAGE = YES_ERROR;
				CLANG_WARN_DOCUMENTATION_COMMENTS = YES;
				CLANG_WARN_EMPTY_BODY = YES;
				CLANG_WARN_ENUM_CONVERSION = YES;
				CLANG_WARN_INFINITE_RECURSION = YES;
				CLANG_WARN_INT_CONVERSION = YES;
				CLANG_WARN_NON_LITERAL_NULL_CONVERSION = YES;
				CLANG_WARN_OBJC_LITERAL_CONVERSION = YES;
				CLANG_WARN_OBJC_ROOT_CLASS = YES_ERROR;
				CLANG_WARN_RANGE_LOOP_ANALYSIS = YES;
				CLANG_WARN_STRICT_PROTOTYPES = YES;
				CLANG_WARN_SUSPICIOUS_MOVE = YES;
				CLANG_WARN_UNGUARDED_AVAILABILITY = YES_AGGRESSIVE;
				CLANG_WARN_UNREACHABLE_CODE = YES;
				CLANG_WARN__DUPLICATE_METHOD_MATCH = YES;
				CODE_SIGN_IDENTITY = "iPhone Developer";
				COPY_PHASE_STRIP = NO;
				DEBUG_INFORMATION_FORMAT = "dwarf-with-dsym";
				ENABLE_NS_ASSERTIONS = NO;
				ENABLE_STRICT_OBJC_MSGSEND = YES;
				GCC_C_LANGUAGE_STANDARD = gnu11;
				GCC_NO_COMMON_BLOCKS = YES;
				GCC_WARN_64_TO_32_BIT_CONVERSION = YES;
				GCC_WARN_ABOUT_RETURN_TYPE = YES_ERROR;
				GCC_WARN_UNDECLARED_SELECTOR = YES;
				GCC_WARN_UNINITIALIZED_AUTOS = YES_AGGRESSIVE;
				GCC_WARN_UNUSED_FUNCTION = YES;
				GCC_WARN_UNUSED_VARIABLE = YES;
				IPHONEOS_DEPLOYMENT_TARGET = 11.0;
				MTL_ENABLE_DEBUG_INFO = NO;
				SDKROOT = iphoneos;
				VALIDATE_PRODUCT = YES;
			};
			name = Release;
		};
		6785F43E1F7F320E000CFE79 /* Debug */ = {
			isa = XCBuildConfiguration;
			buildSettings = {
				CODE_SIGN_STYLE = Automatic;
				IPHONEOS_DEPLOYMENT_TARGET = 8.0;
				OTHER_LDFLAGS = "-ObjC";
				PRODUCT_NAME = "$(TARGET_NAME)";
				SKIP_INSTALL = YES;
				TARGETED_DEVICE_FAMILY = "1,2";
			};
			name = Debug;
		};
		6785F43F1F7F320E000CFE79 /* Release */ = {
			isa = XCBuildConfiguration;
			buildSettings = {
				CODE_SIGN_STYLE = Automatic;
				IPHONEOS_DEPLOYMENT_TARGET = 8.0;
				OTHER_LDFLAGS = "-ObjC";
				PRODUCT_NAME = "$(TARGET_NAME)";
				SKIP_INSTALL = YES;
				TARGETED_DEVICE_FAMILY = "1,2";
			};
			name = Release;
		};
		6785F4481F7F3594000CFE79 /* Debug */ = {
			isa = XCBuildConfiguration;
			buildSettings = {
				CODE_SIGN_STYLE = Automatic;
				PRODUCT_NAME = "$(TARGET_NAME)";
			};
			name = Debug;
		};
		6785F4491F7F3594000CFE79 /* Release */ = {
			isa = XCBuildConfiguration;
			buildSettings = {
				CODE_SIGN_STYLE = Automatic;
				PRODUCT_NAME = "$(TARGET_NAME)";
			};
			name = Release;
		};
/* End XCBuildConfiguration section */

/* Begin XCConfigurationList section */
		6785F42F1F7F320E000CFE79 /* Build configuration list for PBXProject "StaticLibrary" */ = {
			isa = XCConfigurationList;
			buildConfigurations = (
				6785F43B1F7F320E000CFE79 /* Debug */,
				6785F43C1F7F320E000CFE79 /* Release */,
			);
			defaultConfigurationIsVisible = 0;
			defaultConfigurationName = Release;
		};
		6785F43D1F7F320E000CFE79 /* Build configuration list for PBXNativeTarget "StaticLibrary" */ = {
			isa = XCConfigurationList;
			buildConfigurations = (
				6785F43E1F7F320E000CFE79 /* Debug */,
				6785F43F1F7F320E000CFE79 /* Release */,
			);
			defaultConfigurationIsVisible = 0;
			defaultConfigurationName = Release;
		};
		6785F4471F7F3594000CFE79 /* Build configuration list for PBXAggregateTarget "buildStaticLibrary" */ = {
			isa = XCConfigurationList;
			buildConfigurations = (
				6785F4481F7F3594000CFE79 /* Debug */,
				6785F4491F7F3594000CFE79 /* Release */,
			);
			defaultConfigurationIsVisible = 0;
			defaultConfigurationName = Release;
		};
/* End XCConfigurationList section */
	};
	rootObject = 6785F42C1F7F320E000CFE79 /* Project object */;
}
